// !$*UTF8*$!
{
	archiveVersion = 1;
	classes = {
	};
	objectVersion = 46;
	objects = {

/* Begin PBXBuildFile section */
		7B204B16195D016A00873E27 /* DiscreteViewController.swift in Sources */ = {isa = PBXBuildFile; fileRef = 7B204B15195D016A00873E27 /* DiscreteViewController.swift */; };
		7B25BDA2195B98E80060A1BA /* AppDelegate.swift in Sources */ = {isa = PBXBuildFile; fileRef = 7B25BDA1195B98E80060A1BA /* AppDelegate.swift */; };
		7B25BDA4195B98E80060A1BA /* FeedbackViewController.swift in Sources */ = {isa = PBXBuildFile; fileRef = 7B25BDA3195B98E80060A1BA /* FeedbackViewController.swift */; };
		7B25BDA6195B98E80060A1BA /* RotaryDialViewController.swift in Sources */ = {isa = PBXBuildFile; fileRef = 7B25BDA5195B98E80060A1BA /* RotaryDialViewController.swift */; };
		7B25BDA9195B98E80060A1BA /* Main.storyboard in Resources */ = {isa = PBXBuildFile; fileRef = 7B25BDA7195B98E80060A1BA /* Main.storyboard */; };
		7B25BDAB195B98E80060A1BA /* Images.xcassets in Resources */ = {isa = PBXBuildFile; fileRef = 7B25BDAA195B98E80060A1BA /* Images.xcassets */; };
		7B25BDB7195B98E80060A1BA /* KnobControlDemo_SwiftTests.swift in Sources */ = {isa = PBXBuildFile; fileRef = 7B25BDB6195B98E80060A1BA /* KnobControlDemo_SwiftTests.swift */; };
		7B25BDC2195B9DE40060A1BA /* IOSKnobControl.m in Sources */ = {isa = PBXBuildFile; fileRef = 7B25BDC1195B9DE40060A1BA /* IOSKnobControl.m */; };
		7B3F7C14195D109000771BD8 /* ChangeLog in Resources */ = {isa = PBXBuildFile; fileRef = 7B3F7C12195D109000771BD8 /* ChangeLog */; };
		7B5268731965DABF00732EA4 /* SpinViewController.swift in Sources */ = {isa = PBXBuildFile; fileRef = 7B5268721965DABF00732EA4 /* SpinViewController.swift */; };
		7B5268781965E8C300732EA4 /* MediaPlayer.framework in Frameworks */ = {isa = PBXBuildFile; fileRef = 7B5268771965E8C300732EA4 /* MediaPlayer.framework */; };
		7B9698E01BB0F00500A327BC /* Launch Screen.storyboard in Resources */ = {isa = PBXBuildFile; fileRef = 7B9698DF1BB0F00500A327BC /* Launch Screen.storyboard */; settings = {ASSET_TAGS = (); }; };
		7BAFFA7F195CDBC200C88446 /* ImageViewController.swift in Sources */ = {isa = PBXBuildFile; fileRef = 7BAFFA7E195CDBC200C88446 /* ImageViewController.swift */; };
		7BAFFA81195CDC1900C88446 /* ContinuousViewController.swift in Sources */ = {isa = PBXBuildFile; fileRef = 7BAFFA80195CDC1900C88446 /* ContinuousViewController.swift */; };
		7BCAA9EA1993124B00B23F4F /* BaseViewController.swift in Sources */ = {isa = PBXBuildFile; fileRef = 7BCAA9E91993124B00B23F4F /* BaseViewController.swift */; };
/* End PBXBuildFile section */

/* Begin PBXContainerItemProxy section */
		7B25BDB1195B98E80060A1BA /* PBXContainerItemProxy */ = {
			isa = PBXContainerItemProxy;
			containerPortal = 7B25BD94195B98E80060A1BA /* Project object */;
			proxyType = 1;
			remoteGlobalIDString = 7B25BD9B195B98E80060A1BA;
			remoteInfo = "KnobControlDemo-Swift";
		};
		7B25BDC5195C92FF0060A1BA /* PBXContainerItemProxy */ = {
			isa = PBXContainerItemProxy;
			containerPortal = 7B25BD94195B98E80060A1BA /* Project object */;
			proxyType = 1;
			remoteGlobalIDString = 7B25BD9B195B98E80060A1BA;
			remoteInfo = "KnobControlDemo-Swift";
		};
		7B7D3E8A197DAABA00619DEA /* PBXContainerItemProxy */ = {
			isa = PBXContainerItemProxy;
			containerPortal = 7B25BD94195B98E80060A1BA /* Project object */;
			proxyType = 1;
			remoteGlobalIDString = 7B25BD9B195B98E80060A1BA;
			remoteInfo = "KnobControlDemo-Swift";
		};
/* End PBXContainerItemProxy section */

/* Begin PBXFileReference section */
		7B204B15195D016A00873E27 /* DiscreteViewController.swift */ = {isa = PBXFileReference; fileEncoding = 4; lastKnownFileType = sourcecode.swift; path = DiscreteViewController.swift; sourceTree = "<group>"; };
		7B25BD9C195B98E80060A1BA /* KnobControlDemo-Swift.app */ = {isa = PBXFileReference; explicitFileType = wrapper.application; includeInIndex = 0; path = "KnobControlDemo-Swift.app"; sourceTree = BUILT_PRODUCTS_DIR; };
		7B25BDA0195B98E80060A1BA /* Info.plist */ = {isa = PBXFileReference; lastKnownFileType = text.plist.xml; path = Info.plist; sourceTree = "<group>"; };
		7B25BDA1195B98E80060A1BA /* AppDelegate.swift */ = {isa = PBXFileReference; lastKnownFileType = sourcecode.swift; path = AppDelegate.swift; sourceTree = "<group>"; };
		7B25BDA3195B98E80060A1BA /* FeedbackViewController.swift */ = {isa = PBXFileReference; lastKnownFileType = sourcecode.swift; path = FeedbackViewController.swift; sourceTree = "<group>"; };
		7B25BDA5195B98E80060A1BA /* RotaryDialViewController.swift */ = {isa = PBXFileReference; lastKnownFileType = sourcecode.swift; path = RotaryDialViewController.swift; sourceTree = "<group>"; };
		7B25BDA8195B98E80060A1BA /* Base */ = {isa = PBXFileReference; lastKnownFileType = file.storyboard; name = Base; path = Base.lproj/Main.storyboard; sourceTree = "<group>"; };
		7B25BDAA195B98E80060A1BA /* Images.xcassets */ = {isa = PBXFileReference; lastKnownFileType = folder.assetcatalog; name = Images.xcassets; path = ../../Images.xcassets; sourceTree = "<group>"; };
		7B25BDB0195B98E80060A1BA /* KnobControlDemo-SwiftTests.xctest */ = {isa = PBXFileReference; explicitFileType = wrapper.cfbundle; includeInIndex = 0; path = "KnobControlDemo-SwiftTests.xctest"; sourceTree = BUILT_PRODUCTS_DIR; };
		7B25BDB5195B98E80060A1BA /* Info.plist */ = {isa = PBXFileReference; lastKnownFileType = text.plist.xml; path = Info.plist; sourceTree = "<group>"; };
		7B25BDB6195B98E80060A1BA /* KnobControlDemo_SwiftTests.swift */ = {isa = PBXFileReference; lastKnownFileType = sourcecode.swift; path = KnobControlDemo_SwiftTests.swift; sourceTree = "<group>"; };
		7B25BDC0195B9DE40060A1BA /* IOSKnobControl.h */ = {isa = PBXFileReference; fileEncoding = 4; lastKnownFileType = sourcecode.c.h; name = IOSKnobControl.h; path = ../IOSKnobControl.h; sourceTree = "<group>"; };
		7B25BDC1195B9DE40060A1BA /* IOSKnobControl.m */ = {isa = PBXFileReference; fileEncoding = 4; lastKnownFileType = sourcecode.c.objc; name = IOSKnobControl.m; path = ../IOSKnobControl.m; sourceTree = "<group>"; };
		7B25BDC4195B9E330060A1BA /* KnobControlDemo-Swift-Bridging-Header.h */ = {isa = PBXFileReference; lastKnownFileType = sourcecode.c.h; path = "KnobControlDemo-Swift-Bridging-Header.h"; sourceTree = "<group>"; };
		7B3F7C12195D109000771BD8 /* ChangeLog */ = {isa = PBXFileReference; fileEncoding = 4; lastKnownFileType = text; name = ChangeLog; path = ../ChangeLog; sourceTree = "<group>"; };
		7B3F7C13195D109000771BD8 /* README.md */ = {isa = PBXFileReference; fileEncoding = 4; lastKnownFileType = net.daringfireball.markdown; name = README.md; path = ../README.md; sourceTree = "<group>"; };
		7B5268721965DABF00732EA4 /* SpinViewController.swift */ = {isa = PBXFileReference; fileEncoding = 4; lastKnownFileType = sourcecode.swift; path = SpinViewController.swift; sourceTree = "<group>"; };
		7B5268771965E8C300732EA4 /* MediaPlayer.framework */ = {isa = PBXFileReference; lastKnownFileType = wrapper.framework; name = MediaPlayer.framework; path = System/Library/Frameworks/MediaPlayer.framework; sourceTree = SDKROOT; };
		7B9698DF1BB0F00500A327BC /* Launch Screen.storyboard */ = {isa = PBXFileReference; fileEncoding = 4; lastKnownFileType = file.storyboard; path = "Launch Screen.storyboard"; sourceTree = "<group>"; };
		7BAFFA7E195CDBC200C88446 /* ImageViewController.swift */ = {isa = PBXFileReference; fileEncoding = 4; lastKnownFileType = sourcecode.swift; path = ImageViewController.swift; sourceTree = "<group>"; };
		7BAFFA80195CDC1900C88446 /* ContinuousViewController.swift */ = {isa = PBXFileReference; fileEncoding = 4; lastKnownFileType = sourcecode.swift; path = ContinuousViewController.swift; sourceTree = "<group>"; };
		7BCAA9E91993124B00B23F4F /* BaseViewController.swift */ = {isa = PBXFileReference; fileEncoding = 4; lastKnownFileType = sourcecode.swift; path = BaseViewController.swift; sourceTree = "<group>"; };
/* End PBXFileReference section */

/* Begin PBXFrameworksBuildPhase section */
		7B25BD99195B98E80060A1BA /* Frameworks */ = {
			isa = PBXFrameworksBuildPhase;
			buildActionMask = 2147483647;
			files = (
				7B5268781965E8C300732EA4 /* MediaPlayer.framework in Frameworks */,
			);
			runOnlyForDeploymentPostprocessing = 0;
		};
		7B25BDAD195B98E80060A1BA /* Frameworks */ = {
			isa = PBXFrameworksBuildPhase;
			buildActionMask = 2147483647;
			files = (
			);
			runOnlyForDeploymentPostprocessing = 0;
		};
/* End PBXFrameworksBuildPhase section */

/* Begin PBXGroup section */
		7B25BD93195B98E80060A1BA = {
			isa = PBXGroup;
			children = (
				7B3F7C12195D109000771BD8 /* ChangeLog */,
				7B3F7C13195D109000771BD8 /* README.md */,
				7B25BD9E195B98E80060A1BA /* KnobControlDemo-Swift */,
				7B25BDB3195B98E80060A1BA /* KnobControlDemo-SwiftTests */,
				7B25BDC3195B9DED0060A1BA /* IOSKnobControl */,
				7B5268761965E37A00732EA4 /* Frameworks */,
				7B25BD9D195B98E80060A1BA /* Products */,
			);
			sourceTree = "<group>";
		};
		7B25BD9D195B98E80060A1BA /* Products */ = {
			isa = PBXGroup;
			children = (
				7B25BD9C195B98E80060A1BA /* KnobControlDemo-Swift.app */,
				7B25BDB0195B98E80060A1BA /* KnobControlDemo-SwiftTests.xctest */,
			);
			name = Products;
			sourceTree = "<group>";
		};
		7B25BD9E195B98E80060A1BA /* KnobControlDemo-Swift */ = {
			isa = PBXGroup;
			children = (
				7B25BDA1195B98E80060A1BA /* AppDelegate.swift */,
				7B5268711965CFCD00732EA4 /* View Controllers */,
				7B25BDA7195B98E80060A1BA /* Main.storyboard */,
				7B25BDAA195B98E80060A1BA /* Images.xcassets */,
				7B9698DF1BB0F00500A327BC /* Launch Screen.storyboard */,
				7B25BD9F195B98E80060A1BA /* Supporting Files */,
			);
			path = "KnobControlDemo-Swift";
			sourceTree = "<group>";
		};
		7B25BD9F195B98E80060A1BA /* Supporting Files */ = {
			isa = PBXGroup;
			children = (
				7B25BDA0195B98E80060A1BA /* Info.plist */,
				7B25BDC4195B9E330060A1BA /* KnobControlDemo-Swift-Bridging-Header.h */,
			);
			name = "Supporting Files";
			sourceTree = "<group>";
		};
		7B25BDB3195B98E80060A1BA /* KnobControlDemo-SwiftTests */ = {
			isa = PBXGroup;
			children = (
				7B25BDB6195B98E80060A1BA /* KnobControlDemo_SwiftTests.swift */,
				7B25BDB4195B98E80060A1BA /* Supporting Files */,
			);
			path = "KnobControlDemo-SwiftTests";
			sourceTree = "<group>";
		};
		7B25BDB4195B98E80060A1BA /* Supporting Files */ = {
			isa = PBXGroup;
			children = (
				7B25BDB5195B98E80060A1BA /* Info.plist */,
			);
			name = "Supporting Files";
			sourceTree = "<group>";
		};
		7B25BDC3195B9DED0060A1BA /* IOSKnobControl */ = {
			isa = PBXGroup;
			children = (
				7B25BDC0195B9DE40060A1BA /* IOSKnobControl.h */,
				7B25BDC1195B9DE40060A1BA /* IOSKnobControl.m */,
			);
			name = IOSKnobControl;
			sourceTree = "<group>";
		};
		7B5268711965CFCD00732EA4 /* View Controllers */ = {
			isa = PBXGroup;
			children = (
				7BCAA9E91993124B00B23F4F /* BaseViewController.swift */,
				7BAFFA80195CDC1900C88446 /* ContinuousViewController.swift */,
				7B204B15195D016A00873E27 /* DiscreteViewController.swift */,
				7B25BDA3195B98E80060A1BA /* FeedbackViewController.swift */,
				7BAFFA7E195CDBC200C88446 /* ImageViewController.swift */,
				7B25BDA5195B98E80060A1BA /* RotaryDialViewController.swift */,
				7B5268721965DABF00732EA4 /* SpinViewController.swift */,
			);
			name = "View Controllers";
			sourceTree = "<group>";
		};
		7B5268761965E37A00732EA4 /* Frameworks */ = {
			isa = PBXGroup;
			children = (
				7B5268771965E8C300732EA4 /* MediaPlayer.framework */,
			);
			name = Frameworks;
			sourceTree = "<group>";
		};
/* End PBXGroup section */

/* Begin PBXNativeTarget section */
		7B25BD9B195B98E80060A1BA /* KnobControlDemo-Swift */ = {
			isa = PBXNativeTarget;
			buildConfigurationList = 7B25BDBA195B98E80060A1BA /* Build configuration list for PBXNativeTarget "KnobControlDemo-Swift" */;
			buildPhases = (
				7B25BD98195B98E80060A1BA /* Sources */,
				7B25BD99195B98E80060A1BA /* Frameworks */,
				7B25BD9A195B98E80060A1BA /* Resources */,
			);
			buildRules = (
			);
			dependencies = (
			);
			name = "KnobControlDemo-Swift";
			productName = "KnobControlDemo-Swift";
			productReference = 7B25BD9C195B98E80060A1BA /* KnobControlDemo-Swift.app */;
			productType = "com.apple.product-type.application";
		};
		7B25BDAF195B98E80060A1BA /* KnobControlDemo-SwiftTests */ = {
			isa = PBXNativeTarget;
			buildConfigurationList = 7B25BDBD195B98E80060A1BA /* Build configuration list for PBXNativeTarget "KnobControlDemo-SwiftTests" */;
			buildPhases = (
				7B25BDAC195B98E80060A1BA /* Sources */,
				7B25BDAD195B98E80060A1BA /* Frameworks */,
				7B25BDAE195B98E80060A1BA /* Resources */,
			);
			buildRules = (
			);
			dependencies = (
				7B25BDB2195B98E80060A1BA /* PBXTargetDependency */,
				7B25BDC6195C92FF0060A1BA /* PBXTargetDependency */,
				7B7D3E8B197DAABA00619DEA /* PBXTargetDependency */,
			);
			name = "KnobControlDemo-SwiftTests";
			productName = "KnobControlDemo-SwiftTests";
			productReference = 7B25BDB0195B98E80060A1BA /* KnobControlDemo-SwiftTests.xctest */;
			productType = "com.apple.product-type.bundle.unit-test";
		};
/* End PBXNativeTarget section */

/* Begin PBXProject section */
		7B25BD94195B98E80060A1BA /* Project object */ = {
			isa = PBXProject;
			attributes = {
				LastSwiftMigration = 0700;
				LastSwiftUpdateCheck = 0700;
				LastUpgradeCheck = 0700;
				ORGANIZATIONNAME = "Your Organization";
				TargetAttributes = {
					7B25BD9B195B98E80060A1BA = {
						CreatedOnToolsVersion = 6.0;
					};
					7B25BDAF195B98E80060A1BA = {
						CreatedOnToolsVersion = 6.0;
						TestTargetID = 7B25BD9B195B98E80060A1BA;
					};
				};
			};
			buildConfigurationList = 7B25BD97195B98E80060A1BA /* Build configuration list for PBXProject "KnobControlDemo-Swift" */;
			compatibilityVersion = "Xcode 3.2";
			developmentRegion = English;
			hasScannedForEncodings = 0;
			knownRegions = (
				en,
				Base,
			);
			mainGroup = 7B25BD93195B98E80060A1BA;
			productRefGroup = 7B25BD9D195B98E80060A1BA /* Products */;
			projectDirPath = "";
			projectRoot = "";
			targets = (
				7B25BD9B195B98E80060A1BA /* KnobControlDemo-Swift */,
				7B25BDAF195B98E80060A1BA /* KnobControlDemo-SwiftTests */,
			);
		};
/* End PBXProject section */

/* Begin PBXResourcesBuildPhase section */
		7B25BD9A195B98E80060A1BA /* Resources */ = {
			isa = PBXResourcesBuildPhase;
			buildActionMask = 2147483647;
			files = (
				7B25BDA9195B98E80060A1BA /* Main.storyboard in Resources */,
				7B3F7C14195D109000771BD8 /* ChangeLog in Resources */,
				7B9698E01BB0F00500A327BC /* Launch Screen.storyboard in Resources */,
				7B25BDAB195B98E80060A1BA /* Images.xcassets in Resources */,
			);
			runOnlyForDeploymentPostprocessing = 0;
		};
		7B25BDAE195B98E80060A1BA /* Resources */ = {
			isa = PBXResourcesBuildPhase;
			buildActionMask = 2147483647;
			files = (
			);
			runOnlyForDeploymentPostprocessing = 0;
		};
/* End PBXResourcesBuildPhase section */

/* Begin PBXSourcesBuildPhase section */
		7B25BD98195B98E80060A1BA /* Sources */ = {
			isa = PBXSourcesBuildPhase;
			buildActionMask = 2147483647;
			files = (
				7B25BDA6195B98E80060A1BA /* RotaryDialViewController.swift in Sources */,
				7BAFFA81195CDC1900C88446 /* ContinuousViewController.swift in Sources */,
				7B25BDC2195B9DE40060A1BA /* IOSKnobControl.m in Sources */,
				7BAFFA7F195CDBC200C88446 /* ImageViewController.swift in Sources */,
				7B204B16195D016A00873E27 /* DiscreteViewController.swift in Sources */,
				7BCAA9EA1993124B00B23F4F /* BaseViewController.swift in Sources */,
				7B5268731965DABF00732EA4 /* SpinViewController.swift in Sources */,
				7B25BDA2195B98E80060A1BA /* AppDelegate.swift in Sources */,
				7B25BDA4195B98E80060A1BA /* FeedbackViewController.swift in Sources */,
			);
			runOnlyForDeploymentPostprocessing = 0;
		};
		7B25BDAC195B98E80060A1BA /* Sources */ = {
			isa = PBXSourcesBuildPhase;
			buildActionMask = 2147483647;
			files = (
				7B25BDB7195B98E80060A1BA /* KnobControlDemo_SwiftTests.swift in Sources */,
			);
			runOnlyForDeploymentPostprocessing = 0;
		};
/* End PBXSourcesBuildPhase section */

/* Begin PBXTargetDependency section */
		7B25BDB2195B98E80060A1BA /* PBXTargetDependency */ = {
			isa = PBXTargetDependency;
			target = 7B25BD9B195B98E80060A1BA /* KnobControlDemo-Swift */;
			targetProxy = 7B25BDB1195B98E80060A1BA /* PBXContainerItemProxy */;
		};
		7B25BDC6195C92FF0060A1BA /* PBXTargetDependency */ = {
			isa = PBXTargetDependency;
			target = 7B25BD9B195B98E80060A1BA /* KnobControlDemo-Swift */;
			targetProxy = 7B25BDC5195C92FF0060A1BA /* PBXContainerItemProxy */;
		};
		7B7D3E8B197DAABA00619DEA /* PBXTargetDependency */ = {
			isa = PBXTargetDependency;
			target = 7B25BD9B195B98E80060A1BA /* KnobControlDemo-Swift */;
			targetProxy = 7B7D3E8A197DAABA00619DEA /* PBXContainerItemProxy */;
		};
/* End PBXTargetDependency section */

/* Begin PBXVariantGroup section */
		7B25BDA7195B98E80060A1BA /* Main.storyboard */ = {
			isa = PBXVariantGroup;
			children = (
				7B25BDA8195B98E80060A1BA /* Base */,
			);
			name = Main.storyboard;
			sourceTree = "<group>";
		};
/* End PBXVariantGroup section */

/* Begin XCBuildConfiguration section */
		7B25BDB8195B98E80060A1BA /* Debug */ = {
			isa = XCBuildConfiguration;
			buildSettings = {
				ALWAYS_SEARCH_USER_PATHS = NO;
				CLANG_CXX_LANGUAGE_STANDARD = "gnu++0x";
				CLANG_CXX_LIBRARY = "libc++";
				CLANG_ENABLE_MODULES = YES;
				CLANG_ENABLE_OBJC_ARC = YES;
				CLANG_WARN_BOOL_CONVERSION = YES;
				CLANG_WARN_CONSTANT_CONVERSION = YES;
				CLANG_WARN_DIRECT_OBJC_ISA_USAGE = YES_ERROR;
				CLANG_WARN_EMPTY_BODY = YES;
				CLANG_WARN_ENUM_CONVERSION = YES;
				CLANG_WARN_INT_CONVERSION = YES;
				CLANG_WARN_OBJC_ROOT_CLASS = YES_ERROR;
				CLANG_WARN_UNREACHABLE_CODE = YES;
				CLANG_WARN__DUPLICATE_METHOD_MATCH = YES;
				"CODE_SIGN_IDENTITY[sdk=iphoneos*]" = "iPhone Developer";
				COPY_PHASE_STRIP = NO;
				ENABLE_STRICT_OBJC_MSGSEND = YES;
				ENABLE_TESTABILITY = YES;
				GCC_C_LANGUAGE_STANDARD = gnu99;
				GCC_DYNAMIC_NO_PIC = NO;
				GCC_OPTIMIZATION_LEVEL = 0;
				GCC_PREPROCESSOR_DEFINITIONS = (
					"DEBUG=1",
					"$(inherited)",
				);
				GCC_SYMBOLS_PRIVATE_EXTERN = NO;
				GCC_WARN_64_TO_32_BIT_CONVERSION = YES;
				GCC_WARN_ABOUT_RETURN_TYPE = YES_ERROR;
				GCC_WARN_UNDECLARED_SELECTOR = YES;
				GCC_WARN_UNINITIALIZED_AUTOS = YES_AGGRESSIVE;
				GCC_WARN_UNUSED_FUNCTION = YES;
				GCC_WARN_UNUSED_VARIABLE = YES;
				IPHONEOS_DEPLOYMENT_TARGET = 7.0;
				METAL_ENABLE_DEBUG_INFO = YES;
				ONLY_ACTIVE_ARCH = YES;
				OTHER_SWIFT_FLAGS = "-DDEBUG";
				SDKROOT = iphoneos;
				SWIFT_OPTIMIZATION_LEVEL = "-Onone";
			};
			name = Debug;
		};
		7B25BDB9195B98E80060A1BA /* Release */ = {
			isa = XCBuildConfiguration;
			buildSettings = {
				ALWAYS_SEARCH_USER_PATHS = NO;
				CLANG_CXX_LANGUAGE_STANDARD = "gnu++0x";
				CLANG_CXX_LIBRARY = "libc++";
				CLANG_ENABLE_MODULES = YES;
				CLANG_ENABLE_OBJC_ARC = YES;
				CLANG_WARN_BOOL_CONVERSION = YES;
				CLANG_WARN_CONSTANT_CONVERSION = YES;
				CLANG_WARN_DIRECT_OBJC_ISA_USAGE = YES_ERROR;
				CLANG_WARN_EMPTY_BODY = YES;
				CLANG_WARN_ENUM_CONVERSION = YES;
				CLANG_WARN_INT_CONVERSION = YES;
				CLANG_WARN_OBJC_ROOT_CLASS = YES_ERROR;
				CLANG_WARN_UNREACHABLE_CODE = YES;
				CLANG_WARN__DUPLICATE_METHOD_MATCH = YES;
				"CODE_SIGN_IDENTITY[sdk=iphoneos*]" = "iPhone Developer";
				COPY_PHASE_STRIP = YES;
				ENABLE_NS_ASSERTIONS = NO;
				ENABLE_STRICT_OBJC_MSGSEND = YES;
				GCC_C_LANGUAGE_STANDARD = gnu99;
				GCC_WARN_64_TO_32_BIT_CONVERSION = YES;
				GCC_WARN_ABOUT_RETURN_TYPE = YES_ERROR;
				GCC_WARN_UNDECLARED_SELECTOR = YES;
				GCC_WARN_UNINITIALIZED_AUTOS = YES_AGGRESSIVE;
				GCC_WARN_UNUSED_FUNCTION = YES;
				GCC_WARN_UNUSED_VARIABLE = YES;
				IPHONEOS_DEPLOYMENT_TARGET = 7.0;
				METAL_ENABLE_DEBUG_INFO = NO;
				OTHER_SWIFT_FLAGS = "-DDEBUG";
				SDKROOT = iphoneos;
				VALIDATE_PRODUCT = YES;
			};
			name = Release;
		};
		7B25BDBB195B98E80060A1BA /* Debug */ = {
			isa = XCBuildConfiguration;
			buildSettings = {
				ASSETCATALOG_COMPILER_APPICON_NAME = AppIcon;
				ASSETCATALOG_COMPILER_LAUNCHIMAGE_NAME = LaunchImage;
				INFOPLIST_FILE = "KnobControlDemo-Swift/Info.plist";
				LD_RUNPATH_SEARCH_PATHS = "$(inherited) @executable_path/Frameworks";
				PRODUCT_BUNDLE_IDENTIFIER = "com.example.${PRODUCT_NAME:rfc1034identifier}";
				PRODUCT_NAME = "$(TARGET_NAME)";
				SWIFT_OBJC_BRIDGING_HEADER = "KnobControlDemo-Swift/KnobControlDemo-Swift-Bridging-Header.h";
				TARGETED_DEVICE_FAMILY = 1;
			};
			name = Debug;
		};
		7B25BDBC195B98E80060A1BA /* Release */ = {
			isa = XCBuildConfiguration;
			buildSettings = {
				ASSETCATALOG_COMPILER_APPICON_NAME = AppIcon;
				ASSETCATALOG_COMPILER_LAUNCHIMAGE_NAME = LaunchImage;
				INFOPLIST_FILE = "KnobControlDemo-Swift/Info.plist";
				LD_RUNPATH_SEARCH_PATHS = "$(inherited) @executable_path/Frameworks";
				PRODUCT_BUNDLE_IDENTIFIER = "com.example.${PRODUCT_NAME:rfc1034identifier}";
				PRODUCT_NAME = "$(TARGET_NAME)";
				SWIFT_OBJC_BRIDGING_HEADER = "KnobControlDemo-Swift/KnobControlDemo-Swift-Bridging-Header.h";
				TARGETED_DEVICE_FAMILY = 1;
			};
			name = Release;
		};
		7B25BDBE195B98E80060A1BA /* Debug */ = {
			isa = XCBuildConfiguration;
			buildSettings = {
				BUNDLE_LOADER = "$(BUILT_PRODUCTS_DIR)/KnobControlDemo-Swift.app/KnobControlDemo-Swift";
				FRAMEWORK_SEARCH_PATHS = "$(inherited)";
				GCC_PREPROCESSOR_DEFINITIONS = (
					"DEBUG=1",
					"$(inherited)",
				);
				INFOPLIST_FILE = "KnobControlDemo-SwiftTests/Info.plist";
				LD_RUNPATH_SEARCH_PATHS = "$(inherited) @executable_path/Frameworks @loader_path/Frameworks";
				METAL_ENABLE_DEBUG_INFO = YES;
				PRODUCT_BUNDLE_IDENTIFIER = "com.example.${PRODUCT_NAME:rfc1034identifier}";
				PRODUCT_NAME = "$(TARGET_NAME)";
				TEST_HOST = "$(BUNDLE_LOADER)";
			};
			name = Debug;
		};
		7B25BDBF195B98E80060A1BA /* Release */ = {
			isa = XCBuildConfiguration;
			buildSettings = {
				BUNDLE_LOADER = "$(BUILT_PRODUCTS_DIR)/KnobControlDemo-Swift.app/KnobControlDemo-Swift";
				FRAMEWORK_SEARCH_PATHS = "$(inherited)";
				INFOPLIST_FILE = "KnobControlDemo-SwiftTests/Info.plist";
				LD_RUNPATH_SEARCH_PATHS = "$(inherited) @executable_path/Frameworks @loader_path/Frameworks";
				METAL_ENABLE_DEBUG_INFO = NO;
				PRODUCT_BUNDLE_IDENTIFIER = "com.example.${PRODUCT_NAME:rfc1034identifier}";
				PRODUCT_NAME = "$(TARGET_NAME)";
				TEST_HOST = "$(BUNDLE_LOADER)";
			};
			name = Release;
		};
/* End XCBuildConfiguration section */

/* Begin XCConfigurationList section */
		7B25BD97195B98E80060A1BA /* Build configuration list for PBXProject "KnobControlDemo-Swift" */ = {
			isa = XCConfigurationList;
			buildConfigurations = (
				7B25BDB8195B98E80060A1BA /* Debug */,
				7B25BDB9195B98E80060A1BA /* Release */,
			);
			defaultConfigurationIsVisible = 0;
			defaultConfigurationName = Release;
		};
		7B25BDBA195B98E80060A1BA /* Build configuration list for PBXNativeTarget "KnobControlDemo-Swift" */ = {
			isa = XCConfigurationList;
			buildConfigurations = (
				7B25BDBB195B98E80060A1BA /* Debug */,
				7B25BDBC195B98E80060A1BA /* Release */,
			);
			defaultConfigurationIsVisible = 0;
			defaultConfigurationName = Release;
		};
		7B25BDBD195B98E80060A1BA /* Build configuration list for PBXNativeTarget "KnobControlDemo-SwiftTests" */ = {
			isa = XCConfigurationList;
			buildConfigurations = (
				7B25BDBE195B98E80060A1BA /* Debug */,
				7B25BDBF195B98E80060A1BA /* Release */,
			);
			defaultConfigurationIsVisible = 0;
			defaultConfigurationName = Release;
		};
/* End XCConfigurationList section */
	};
	rootObject = 7B25BD94195B98E80060A1BA /* Project object */;
}
